
Microsoft Visual Studio Solution File, Format Version 12.00
Project("{FAE04EC0-301F-11D3-BF4B-00C04F79EFBC}") = "ES2", "ES2\ES2.csproj", "{B3D15C95-FF6C-460F-972B-FBFCC7DD482C}"
EndProject
Global
	GlobalSection(SolutionConfigurationPlatforms) = preSolution
		Debug|Any CPU = Debug|Any CPU
		Release|Any CPU = Release|Any CPU
	EndGlobalSection
	GlobalSection(ProjectConfigurationPlatforms) = postSolution
		{B3D15C95-FF6C-460F-972B-FBFCC7DD482C}.Debug|Any CPU.ActiveCfg = Debug|Any CPU
		{B3D15C95-FF6C-460F-972B-FBFCC7DD482C}.Debug|Any CPU.Build.0 = Debug|Any CPU
		{B3D15C95-FF6C-460F-972B-FBFCC7DD482C}.Release|Any CPU.ActiveCfg = Release|Any CPU
		{B3D15C95-FF6C-460F-972B-FBFCC7DD482C}.Release|Any CPU.Build.0 = Release|Any CPU
	EndGlobalSection
EndGlobal
