
Microsoft Visual Studio Solution File, Format Version 12.00
# Visual Studio Version 17
VisualStudioVersion = 17.0.31903.59
MinimumVisualStudioVersion = 10.0.40219.1
Project("{FAE04EC0-301F-11D3-BF4B-00C04F79EFBC}") = "Server", "Server\Server.csproj", "{7C1651DA-BD29-41BE-A191-07FEE6C0A868}"
EndProject
Project("{FAE04EC0-301F-11D3-BF4B-00C04F79EFBC}") = "Client", "Client\Client.csproj", "{313A657B-5830-4189-BE26-F6A543464F78}"
EndProject
Global
	GlobalSection(SolutionConfigurationPlatforms) = preSolution
		Debug|Any CPU = Debug|Any CPU
		Release|Any CPU = Release|Any CPU
	EndGlobalSection
	GlobalSection(SolutionProperties) = preSolution
		HideSolutionNode = FALSE
	EndGlobalSection
	GlobalSection(ProjectConfigurationPlatforms) = postSolution
		{7C1651DA-BD29-41BE-A191-07FEE6C0A868}.Debug|Any CPU.ActiveCfg = Debug|Any CPU
		{7C1651DA-BD29-41BE-A191-07FEE6C0A868}.Debug|Any CPU.Build.0 = Debug|Any CPU
		{7C1651DA-BD29-41BE-A191-07FEE6C0A868}.Release|Any CPU.ActiveCfg = Release|Any CPU
		{7C1651DA-BD29-41BE-A191-07FEE6C0A868}.Release|Any CPU.Build.0 = Release|Any CPU
		{313A657B-5830-4189-BE26-F6A543464F78}.Debug|Any CPU.ActiveCfg = Debug|Any CPU
		{313A657B-5830-4189-BE26-F6A543464F78}.Debug|Any CPU.Build.0 = Debug|Any CPU
		{313A657B-5830-4189-BE26-F6A543464F78}.Release|Any CPU.ActiveCfg = Release|Any CPU
		{313A657B-5830-4189-BE26-F6A543464F78}.Release|Any CPU.Build.0 = Release|Any CPU
	EndGlobalSection
EndGlobal
